PODS:
  - FlutterMacOS (1.0.0)
  - rust_lib_devtools (0.0.1):
    - FlutterMacOS

DEPENDENCIES:
  - FlutterMacOS (from `Flutter/ephemeral`)
  - rust_lib_devtools (from `Flutter/ephemeral/.symlinks/plugins/rust_lib_devtools/macos`)

EXTERNAL SOURCES:
  FlutterMacOS:
    :path: Flutter/ephemeral
  rust_lib_devtools:
    :path: Flutter/ephemeral/.symlinks/plugins/rust_lib_devtools/macos

SPEC CHECKSUMS:
  FlutterMacOS: 8f6f14fa908a6fb3fba0cd85dbd81ec4b251fb24
  rust_lib_devtools: 10067cef3c0d56831296b90ef02113a75c3979d3

PODFILE CHECKSUM: 236401fc2c932af29a9fcf0e97baeeb2d750d367

COCOAPODS: 1.16.2
